
Microsoft Visual Studio Solution File, Format Version 12.00
# Visual Studio Version 17
VisualStudioVersion = 17.13.35825.156 d17.13
MinimumVisualStudioVersion = 10.0.40219.1
Project("{FAE04EC0-301F-11D3-BF4B-00C04F79EFBC}") = "CapstoneTravelBlog", "CapstoneTravelBlog\CapstoneTravelBlog.csproj", "{4256CB8C-06EA-41B3-9900-B787D67BEC4C}"
EndProject
Global
	GlobalSection(SolutionConfigurationPlatforms) = preSolution
		Debug|Any CPU = Debug|Any CPU
		Release|Any CPU = Release|Any CPU
	EndGlobalSection
	GlobalSection(ProjectConfigurationPlatforms) = postSolution
		{4256CB8C-06EA-41B3-9900-B787D67BEC4C}.Debug|Any CPU.ActiveCfg = Debug|Any CPU
		{4256CB8C-06EA-41B3-9900-B787D67BEC4C}.Debug|Any CPU.Build.0 = Debug|Any CPU
		{4256CB8C-06EA-41B3-9900-B787D67BEC4C}.Release|Any CPU.ActiveCfg = Release|Any CPU
		{4256CB8C-06EA-41B3-9900-B787D67BEC4C}.Release|Any CPU.Build.0 = Release|Any CPU
	EndGlobalSection
	GlobalSection(SolutionProperties) = preSolution
		HideSolutionNode = FALSE
	EndGlobalSection
	GlobalSection(ExtensibilityGlobals) = postSolution
		SolutionGuid = {70B4DCF3-DCEF-46B7-B497-79AD38656BF3}
	EndGlobalSection
EndGlobal
